
Microsoft Visual Studio Solution File, Format Version 12.00
# Visual Studio Version 16
VisualStudioVersion = 16.0.29728.190
MinimumVisualStudioVersion = 10.0.40219.1
Project("{FAE04EC0-301F-11D3-BF4B-00C04F79EFBC}") = "DiskInfo", "DiskInfo\DiskInfo.csproj", "{76C3796E-FA9F-4A2C-ACC3-98F5ABE68E34}"
EndProject
Global
	GlobalSection(SolutionConfigurationPlatforms) = preSolution
		Debug|Any CPU = Debug|Any CPU
		Release|Any CPU = Release|Any CPU
	EndGlobalSection
	GlobalSection(ProjectConfigurationPlatforms) = postSolution
		{76C3796E-FA9F-4A2C-ACC3-98F5ABE68E34}.Debug|Any CPU.ActiveCfg = Debug|Any CPU
		{76C3796E-FA9F-4A2C-ACC3-98F5ABE68E34}.Debug|Any CPU.Build.0 = Debug|Any CPU
		{76C3796E-FA9F-4A2C-ACC3-98F5ABE68E34}.Release|Any CPU.ActiveCfg = Release|Any CPU
		{76C3796E-FA9F-4A2C-ACC3-98F5ABE68E34}.Release|Any CPU.Build.0 = Release|Any CPU
	EndGlobalSection
	GlobalSection(SolutionProperties) = preSolution
		HideSolutionNode = FALSE
	EndGlobalSection
	GlobalSection(ExtensibilityGlobals) = postSolution
		SolutionGuid = {3AA84B38-0AC8-4F25-A943-306433134029}
	EndGlobalSection
EndGlobal
